// !$*UTF8*$!
{
	archiveVersion = 1;
	classes = {
	};
	objectVersion = 46;
	objects = {

/* Begin PBXBuildFile section */
		863E3E831ECFB1A7008AF9E5 /* AppDelegate.swift in Sources */ = {isa = PBXBuildFile; fileRef = 863E3E821ECFB1A7008AF9E5 /* AppDelegate.swift */; };
		863E3E851ECFB1A7008AF9E5 /* ViewController.swift in Sources */ = {isa = PBXBuildFile; fileRef = 863E3E841ECFB1A7008AF9E5 /* ViewController.swift */; };
		863E3E871ECFB1A7008AF9E5 /* Assets.xcassets in Resources */ = {isa = PBXBuildFile; fileRef = 863E3E861ECFB1A7008AF9E5 /* Assets.xcassets */; };
		863E3E8A1ECFB1A7008AF9E5 /* Main.storyboard in Resources */ = {isa = PBXBuildFile; fileRef = 863E3E881ECFB1A7008AF9E5 /* Main.storyboard */; };
		863E3E951ECFB1A7008AF9E5 /* SketchGenTests.swift in Sources */ = {isa = PBXBuildFile; fileRef = 863E3E941ECFB1A7008AF9E5 /* SketchGenTests.swift */; };
/* End PBXBuildFile section */

/* Begin PBXContainerItemProxy section */
		863E3E911ECFB1A7008AF9E5 /* PBXContainerItemProxy */ = {
			isa = PBXContainerItemProxy;
			containerPortal = 863E3E771ECFB1A7008AF9E5 /* Project object */;
			proxyType = 1;
			remoteGlobalIDString = 863E3E7E1ECFB1A7008AF9E5;
			remoteInfo = SketchGen;
		};
/* End PBXContainerItemProxy section */

/* Begin PBXFileReference section */
		863E3E7F1ECFB1A7008AF9E5 /* SketchGen.app */ = {isa = PBXFileReference; explicitFileType = wrapper.application; includeInIndex = 0; path = SketchGen.app; sourceTree = BUILT_PRODUCTS_DIR; };
		863E3E821ECFB1A7008AF9E5 /* AppDelegate.swift */ = {isa = PBXFileReference; lastKnownFileType = sourcecode.swift; path = AppDelegate.swift; sourceTree = "<group>"; };
		863E3E841ECFB1A7008AF9E5 /* ViewController.swift */ = {isa = PBXFileReference; lastKnownFileType = sourcecode.swift; path = ViewController.swift; sourceTree = "<group>"; };
		863E3E861ECFB1A7008AF9E5 /* Assets.xcassets */ = {isa = PBXFileReference; lastKnownFileType = folder.assetcatalog; path = Assets.xcassets; sourceTree = "<group>"; };
		863E3E891ECFB1A7008AF9E5 /* Base */ = {isa = PBXFileReference; lastKnownFileType = file.storyboard; name = Base; path = Base.lproj/Main.storyboard; sourceTree = "<group>"; };
		863E3E8B1ECFB1A7008AF9E5 /* Info.plist */ = {isa = PBXFileReference; lastKnownFileType = text.plist.xml; path = Info.plist; sourceTree = "<group>"; };
		863E3E901ECFB1A7008AF9E5 /* SketchGenTests.xctest */ = {isa = PBXFileReference; explicitFileType = wrapper.cfbundle; includeInIndex = 0; path = SketchGenTests.xctest; sourceTree = BUILT_PRODUCTS_DIR; };
		863E3E941ECFB1A7008AF9E5 /* SketchGenTests.swift */ = {isa = PBXFileReference; lastKnownFileType = sourcecode.swift; path = SketchGenTests.swift; sourceTree = "<group>"; };
		863E3E961ECFB1A7008AF9E5 /* Info.plist */ = {isa = PBXFileReference; lastKnownFileType = text.plist.xml; path = Info.plist; sourceTree = "<group>"; };
/* End PBXFileReference section */

/* Begin PBXFrameworksBuildPhase section */
		863E3E7C1ECFB1A7008AF9E5 /* Frameworks */ = {
			isa = PBXFrameworksBuildPhase;
			buildActionMask = 2147483647;
			files = (
			);
			runOnlyForDeploymentPostprocessing = 0;
		};
		863E3E8D1ECFB1A7008AF9E5 /* Frameworks */ = {
			isa = PBXFrameworksBuildPhase;
			buildActionMask = 2147483647;
			files = (
			);
			runOnlyForDeploymentPostprocessing = 0;
		};
/* End PBXFrameworksBuildPhase section */

/* Begin PBXGroup section */
		863E3E761ECFB1A7008AF9E5 = {
			isa = PBXGroup;
			children = (
				863E3E811ECFB1A7008AF9E5 /* SketchGen */,
				863E3E931ECFB1A7008AF9E5 /* SketchGenTests */,
				863E3E801ECFB1A7008AF9E5 /* Products */,
			);
			sourceTree = "<group>";
		};
		863E3E801ECFB1A7008AF9E5 /* Products */ = {
			isa = PBXGroup;
			children = (
				863E3E7F1ECFB1A7008AF9E5 /* SketchGen.app */,
				863E3E901ECFB1A7008AF9E5 /* SketchGenTests.xctest */,
			);
			name = Products;
			sourceTree = "<group>";
		};
		863E3E811ECFB1A7008AF9E5 /* SketchGen */ = {
			isa = PBXGroup;
			children = (
				863E3E821ECFB1A7008AF9E5 /* AppDelegate.swift */,
				863E3E841ECFB1A7008AF9E5 /* ViewController.swift */,
				863E3E861ECFB1A7008AF9E5 /* Assets.xcassets */,
				863E3E881ECFB1A7008AF9E5 /* Main.storyboard */,
				863E3E8B1ECFB1A7008AF9E5 /* Info.plist */,
			);
			path = SketchGen;
			sourceTree = "<group>";
		};
		863E3E931ECFB1A7008AF9E5 /* SketchGenTests */ = {
			isa = PBXGroup;
			children = (
				863E3E941ECFB1A7008AF9E5 /* SketchGenTests.swift */,
				863E3E961ECFB1A7008AF9E5 /* Info.plist */,
			);
			path = SketchGenTests;
			sourceTree = "<group>";
		};
/* End PBXGroup section */

/* Begin PBXNativeTarget section */
		863E3E7E1ECFB1A7008AF9E5 /* SketchGen */ = {
			isa = PBXNativeTarget;
			buildConfigurationList = 863E3E991ECFB1A7008AF9E5 /* Build configuration list for PBXNativeTarget "SketchGen" */;
			buildPhases = (
				863E3E7B1ECFB1A7008AF9E5 /* Sources */,
				863E3E7C1ECFB1A7008AF9E5 /* Frameworks */,
				863E3E7D1ECFB1A7008AF9E5 /* Resources */,
			);
			buildRules = (
			);
			dependencies = (
			);
			name = SketchGen;
			productName = SketchGen;
			productReference = 863E3E7F1ECFB1A7008AF9E5 /* SketchGen.app */;
			productType = "com.apple.product-type.application";
		};
		863E3E8F1ECFB1A7008AF9E5 /* SketchGenTests */ = {
			isa = PBXNativeTarget;
			buildConfigurationList = 863E3E9C1ECFB1A7008AF9E5 /* Build configuration list for PBXNativeTarget "SketchGenTests" */;
			buildPhases = (
				863E3E8C1ECFB1A7008AF9E5 /* Sources */,
				863E3E8D1ECFB1A7008AF9E5 /* Frameworks */,
				863E3E8E1ECFB1A7008AF9E5 /* Resources */,
			);
			buildRules = (
			);
			dependencies = (
				863E3E921ECFB1A7008AF9E5 /* PBXTargetDependency */,
			);
			name = SketchGenTests;
			productName = SketchGenTests;
			productReference = 863E3E901ECFB1A7008AF9E5 /* SketchGenTests.xctest */;
			productType = "com.apple.product-type.bundle.unit-test";
		};
/* End PBXNativeTarget section */

/* Begin PBXProject section */
		863E3E771ECFB1A7008AF9E5 /* Project object */ = {
			isa = PBXProject;
			attributes = {
				LastSwiftUpdateCheck = 0830;
				LastUpgradeCheck = 0830;
				ORGANIZATIONNAME = "Brian King";
				TargetAttributes = {
					863E3E7E1ECFB1A7008AF9E5 = {
						CreatedOnToolsVersion = 8.3.2;
						ProvisioningStyle = Automatic;
					};
					863E3E8F1ECFB1A7008AF9E5 = {
						CreatedOnToolsVersion = 8.3.2;
						ProvisioningStyle = Automatic;
						TestTargetID = 863E3E7E1ECFB1A7008AF9E5;
					};
				};
			};
			buildConfigurationList = 863E3E7A1ECFB1A7008AF9E5 /* Build configuration list for PBXProject "SketchGen" */;
			compatibilityVersion = "Xcode 3.2";
			developmentRegion = English;
			hasScannedForEncodings = 0;
			knownRegions = (
				en,
				Base,
			);
			mainGroup = 863E3E761ECFB1A7008AF9E5;
			productRefGroup = 863E3E801ECFB1A7008AF9E5 /* Products */;
			projectDirPath = "";
			projectRoot = "";
			targets = (
				863E3E7E1ECFB1A7008AF9E5 /* SketchGen */,
				863E3E8F1ECFB1A7008AF9E5 /* SketchGenTests */,
			);
		};
/* End PBXProject section */

/* Begin PBXResourcesBuildPhase section */
		863E3E7D1ECFB1A7008AF9E5 /* Resources */ = {
			isa = PBXResourcesBuildPhase;
			buildActionMask = 2147483647;
			files = (
				863E3E871ECFB1A7008AF9E5 /* Assets.xcassets in Resources */,
				863E3E8A1ECFB1A7008AF9E5 /* Main.storyboard in Resources */,
			);
			runOnlyForDeploymentPostprocessing = 0;
		};
		863E3E8E1ECFB1A7008AF9E5 /* Resources */ = {
			isa = PBXResourcesBuildPhase;
			buildActionMask = 2147483647;
			files = (
			);
			runOnlyForDeploymentPostprocessing = 0;
		};
/* End PBXResourcesBuildPhase section */

/* Begin PBXSourcesBuildPhase section */
		863E3E7B1ECFB1A7008AF9E5 /* Sources */ = {
			isa = PBXSourcesBuildPhase;
			buildActionMask = 2147483647;
			files = (
				863E3E851ECFB1A7008AF9E5 /* ViewController.swift in Sources */,
				863E3E831ECFB1A7008AF9E5 /* AppDelegate.swift in Sources */,
			);
			runOnlyForDeploymentPostprocessing = 0;
		};
		863E3E8C1ECFB1A7008AF9E5 /* Sources */ = {
			isa = PBXSourcesBuildPhase;
			buildActionMask = 2147483647;
			files = (
				863E3E951ECFB1A7008AF9E5 /* SketchGenTests.swift in Sources */,
			);
			runOnlyForDeploymentPostprocessing = 0;
		};
/* End PBXSourcesBuildPhase section */

/* Begin PBXTargetDependency section */
		863E3E921ECFB1A7008AF9E5 /* PBXTargetDependency */ = {
			isa = PBXTargetDependency;
			target = 863E3E7E1ECFB1A7008AF9E5 /* SketchGen */;
			targetProxy = 863E3E911ECFB1A7008AF9E5 /* PBXContainerItemProxy */;
		};
/* End PBXTargetDependency section */

/* Begin PBXVariantGroup section */
		863E3E881ECFB1A7008AF9E5 /* Main.storyboard */ = {
			isa = PBXVariantGroup;
			children = (
				863E3E891ECFB1A7008AF9E5 /* Base */,
			);
			name = Main.storyboard;
			sourceTree = "<group>";
		};
/* End PBXVariantGroup section */

/* Begin XCBuildConfiguration section */
		863E3E971ECFB1A7008AF9E5 /* Debug */ = {
			isa = XCBuildConfiguration;
			buildSettings = {
				ALWAYS_SEARCH_USER_PATHS = NO;
				CLANG_ANALYZER_NONNULL = YES;
				CLANG_ANALYZER_NUMBER_OBJECT_CONVERSION = YES_AGGRESSIVE;
				CLANG_CXX_LANGUAGE_STANDARD = "gnu++0x";
				CLANG_CXX_LIBRARY = "libc++";
				CLANG_ENABLE_MODULES = YES;
				CLANG_ENABLE_OBJC_ARC = YES;
				CLANG_WARN_BOOL_CONVERSION = YES;
				CLANG_WARN_CONSTANT_CONVERSION = YES;
				CLANG_WARN_DIRECT_OBJC_ISA_USAGE = YES_ERROR;
				CLANG_WARN_DOCUMENTATION_COMMENTS = YES;
				CLANG_WARN_EMPTY_BODY = YES;
				CLANG_WARN_ENUM_CONVERSION = YES;
				CLANG_WARN_INFINITE_RECURSION = YES;
				CLANG_WARN_INT_CONVERSION = YES;
				CLANG_WARN_OBJC_ROOT_CLASS = YES_ERROR;
				CLANG_WARN_SUSPICIOUS_MOVE = YES;
				CLANG_WARN_UNREACHABLE_CODE = YES;
				CLANG_WARN__DUPLICATE_METHOD_MATCH = YES;
				CODE_SIGN_IDENTITY = "-";
				COPY_PHASE_STRIP = NO;
				DEBUG_INFORMATION_FORMAT = dwarf;
				ENABLE_STRICT_OBJC_MSGSEND = YES;
				ENABLE_TESTABILITY = YES;
				GCC_C_LANGUAGE_STANDARD = gnu99;
				GCC_DYNAMIC_NO_PIC = NO;
				GCC_NO_COMMON_BLOCKS = YES;
				GCC_OPTIMIZATION_LEVEL = 0;
				GCC_PREPROCESSOR_DEFINITIONS = (
					"DEBUG=1",
					"$(inherited)",
				);
				GCC_WARN_64_TO_32_BIT_CONVERSION = YES;
				GCC_WARN_ABOUT_RETURN_TYPE = YES_ERROR;
				GCC_WARN_UNDECLARED_SELECTOR = YES;
				GCC_WARN_UNINITIALIZED_AUTOS = YES_AGGRESSIVE;
				GCC_WARN_UNUSED_FUNCTION = YES;
				GCC_WARN_UNUSED_VARIABLE = YES;
				MACOSX_DEPLOYMENT_TARGET = 10.12;
				MTL_ENABLE_DEBUG_INFO = YES;
				ONLY_ACTIVE_ARCH = YES;
				SDKROOT = macosx;
				SWIFT_ACTIVE_COMPILATION_CONDITIONS = DEBUG;
				SWIFT_OPTIMIZATION_LEVEL = "-Onone";
			};
			name = Debug;
		};
		863E3E981ECFB1A7008AF9E5 /* Release */ = {
			isa = XCBuildConfiguration;
			buildSettings = {
				ALWAYS_SEARCH_USER_PATHS = NO;
				CLANG_ANALYZER_NONNULL = YES;
				CLANG_ANALYZER_NUMBER_OBJECT_CONVERSION = YES_AGGRESSIVE;
				CLANG_CXX_LANGUAGE_STANDARD = "gnu++0x";
				CLANG_CXX_LIBRARY = "libc++";
				CLANG_ENABLE_MODULES = YES;
				CLANG_ENABLE_OBJC_ARC = YES;
				CLANG_WARN_BOOL_CONVERSION = YES;
				CLANG_WARN_CONSTANT_CONVERSION = YES;
				CLANG_WARN_DIRECT_OBJC_ISA_USAGE = YES_ERROR;
				CLANG_WARN_DOCUMENTATION_COMMENTS = YES;
				CLANG_WARN_EMPTY_BODY = YES;
				CLANG_WARN_ENUM_CONVERSION = YES;
				CLANG_WARN_INFINITE_RECURSION = YES;
				CLANG_WARN_INT_CONVERSION = YES;
				CLANG_WARN_OBJC_ROOT_CLASS = YES_ERROR;
				CLANG_WARN_SUSPICIOUS_MOVE = YES;
				CLANG_WARN_UNREACHABLE_CODE = YES;
				CLANG_WARN__DUPLICATE_METHOD_MATCH = YES;
				CODE_SIGN_IDENTITY = "-";
				COPY_PHASE_STRIP = NO;
				DEBUG_INFORMATION_FORMAT = "dwarf-with-dsym";
				ENABLE_NS_ASSERTIONS = NO;
				ENABLE_STRICT_OBJC_MSGSEND = YES;
				GCC_C_LANGUAGE_STANDARD = gnu99;
				GCC_NO_COMMON_BLOCKS = YES;
				GCC_WARN_64_TO_32_BIT_CONVERSION = YES;
				GCC_WARN_ABOUT_RETURN_TYPE = YES_ERROR;
				GCC_WARN_UNDECLARED_SELECTOR = YES;
				GCC_WARN_UNINITIALIZED_AUTOS = YES_AGGRESSIVE;
				GCC_WARN_UNUSED_FUNCTION = YES;
				GCC_WARN_UNUSED_VARIABLE = YES;
				MACOSX_DEPLOYMENT_TARGET = 10.12;
				MTL_ENABLE_DEBUG_INFO = NO;
				SDKROOT = macosx;
				SWIFT_OPTIMIZATION_LEVEL = "-Owholemodule";
			};
			name = Release;
		};
		863E3E9A1ECFB1A7008AF9E5 /* Debug */ = {
			isa = XCBuildConfiguration;
			buildSettings = {
				ASSETCATALOG_COMPILER_APPICON_NAME = AppIcon;
				COMBINE_HIDPI_IMAGES = YES;
				INFOPLIST_FILE = SketchGen/Info.plist;
				LD_RUNPATH_SEARCH_PATHS = "$(inherited) @executable_path/../Frameworks";
				PRODUCT_BUNDLE_IDENTIFIER = com.raizlabs.SketchGen;
				PRODUCT_NAME = "$(TARGET_NAME)";
				SWIFT_VERSION = 3.0;
			};
			name = Debug;
		};
		863E3E9B1ECFB1A7008AF9E5 /* Release */ = {
			isa = XCBuildConfiguration;
			buildSettings = {
				ASSETCATALOG_COMPILER_APPICON_NAME = AppIcon;
				COMBINE_HIDPI_IMAGES = YES;
				INFOPLIST_FILE = SketchGen/Info.plist;
				LD_RUNPATH_SEARCH_PATHS = "$(inherited) @executable_path/../Frameworks";
				PRODUCT_BUNDLE_IDENTIFIER = com.raizlabs.SketchGen;
				PRODUCT_NAME = "$(TARGET_NAME)";
				SWIFT_VERSION = 3.0;
			};
			name = Release;
		};
		863E3E9D1ECFB1A7008AF9E5 /* Debug */ = {
			isa = XCBuildConfiguration;
			buildSettings = {
				ALWAYS_EMBED_SWIFT_STANDARD_LIBRARIES = YES;
				BUNDLE_LOADER = "$(TEST_HOST)";
				COMBINE_HIDPI_IMAGES = YES;
				INFOPLIST_FILE = SketchGenTests/Info.plist;
				LD_RUNPATH_SEARCH_PATHS = "$(inherited) @executable_path/../Frameworks @loader_path/../Frameworks";
				PRODUCT_BUNDLE_IDENTIFIER = com.raizlabs.SketchGenTests;
				PRODUCT_NAME = "$(TARGET_NAME)";
				SWIFT_VERSION = 3.0;
				TEST_HOST = "$(BUILT_PRODUCTS_DIR)/SketchGen.app/Contents/MacOS/SketchGen";
			};
			name = Debug;
		};
		863E3E9E1ECFB1A7008AF9E5 /* Release */ = {
			isa = XCBuildConfiguration;
			buildSettings = {
				ALWAYS_EMBED_SWIFT_STANDARD_LIBRARIES = YES;
				BUNDLE_LOADER = "$(TEST_HOST)";
				COMBINE_HIDPI_IMAGES = YES;
				INFOPLIST_FILE = SketchGenTests/Info.plist;
				LD_RUNPATH_SEARCH_PATHS = "$(inherited) @executable_path/../Frameworks @loader_path/../Frameworks";
				PRODUCT_BUNDLE_IDENTIFIER = com.raizlabs.SketchGenTests;
				PRODUCT_NAME = "$(TARGET_NAME)";
				SWIFT_VERSION = 3.0;
				TEST_HOST = "$(BUILT_PRODUCTS_DIR)/SketchGen.app/Contents/MacOS/SketchGen";
			};
			name = Release;
		};
/* End XCBuildConfiguration section */

/* Begin XCConfigurationList section */
		863E3E7A1ECFB1A7008AF9E5 /* Build configuration list for PBXProject "SketchGen" */ = {
			isa = XCConfigurationList;
			buildConfigurations = (
				863E3E971ECFB1A7008AF9E5 /* Debug */,
				863E3E981ECFB1A7008AF9E5 /* Release */,
			);
			defaultConfigurationIsVisible = 0;
			defaultConfigurationName = Release;
		};
		863E3E991ECFB1A7008AF9E5 /* Build configuration list for PBXNativeTarget "SketchGen" */ = {
			isa = XCConfigurationList;
			buildConfigurations = (
				863E3E9A1ECFB1A7008AF9E5 /* Debug */,
				863E3E9B1ECFB1A7008AF9E5 /* Release */,
			);
			defaultConfigurationIsVisible = 0;
		};
		863E3E9C1ECFB1A7008AF9E5 /* Build configuration list for PBXNativeTarget "SketchGenTests" */ = {
			isa = XCConfigurationList;
			buildConfigurations = (
				863E3E9D1ECFB1A7008AF9E5 /* Debug */,
				863E3E9E1ECFB1A7008AF9E5 /* Release */,
			);
			defaultConfigurationIsVisible = 0;
		};
/* End XCConfigurationList section */
	};
	rootObject = 863E3E771ECFB1A7008AF9E5 /* Project object */;
}
