// !$*UTF8*$!
{
	archiveVersion = 1;
	classes = {
	};
	objectVersion = 46;
	objects = {

/* Begin PBXBuildFile section */
		34FD4DA99FF99A17CCBF1F72 /* Pods_SketchyCode.framework in Frameworks */ = {isa = PBXBuildFile; fileRef = 8F57022D6CC792DD283CE341 /* Pods_SketchyCode.framework */; };
		86066DA81F85B16E00130A65 /* VariableMutation.swift in Sources */ = {isa = PBXBuildFile; fileRef = 86066DA71F85B16E00130A65 /* VariableMutation.swift */; };
		861890751F944C07007BBBA6 /* FunctionDeclaration.swift in Sources */ = {isa = PBXBuildFile; fileRef = 861890741F944C07007BBBA6 /* FunctionDeclaration.swift */; };
		8629C3251F73363D000877D2 /* Debug.swift in Sources */ = {isa = PBXBuildFile; fileRef = 8629C3241F73363D000877D2 /* Debug.swift */; };
		8629C3271F73370D000877D2 /* Enableable.swift in Sources */ = {isa = PBXBuildFile; fileRef = 8629C3261F73370D000877D2 /* Enableable.swift */; };
		8629C3291F7339ED000877D2 /* Styled.swift in Sources */ = {isa = PBXBuildFile; fileRef = 8629C3281F7339ED000877D2 /* Styled.swift */; };
		862EBE961F71DFAE0086E52C /* SketchyCode.framework in Frameworks */ = {isa = PBXBuildFile; fileRef = 862EBE8D1F71DFAE0086E52C /* SketchyCode.framework */; };
		862EBE9D1F71DFAE0086E52C /* SketchyCodeTests.swift in Sources */ = {isa = PBXBuildFile; fileRef = 862EBE9C1F71DFAE0086E52C /* SketchyCodeTests.swift */; };
		862EBEA21F71DFAE0086E52C /* SketchyCode.framework in Frameworks */ = {isa = PBXBuildFile; fileRef = 862EBE8D1F71DFAE0086E52C /* SketchyCode.framework */; };
		862EBEA31F71DFAE0086E52C /* SketchyCode.framework in Embed Frameworks */ = {isa = PBXBuildFile; fileRef = 862EBE8D1F71DFAE0086E52C /* SketchyCode.framework */; settings = {ATTRIBUTES = (CodeSignOnCopy, RemoveHeadersOnCopy, ); }; };
		862EBED11F71E1410086E52C /* main.swift in Sources */ = {isa = PBXBuildFile; fileRef = 862EBECB1F71E1250086E52C /* main.swift */; };
		862EBED21F71E1410086E52C /* SketchyCodeCLI.swift in Sources */ = {isa = PBXBuildFile; fileRef = 862EBECD1F71E1250086E52C /* SketchyCodeCLI.swift */; };
		862EBED31F71E1410086E52C /* SketchClass.stencil in Resources */ = {isa = PBXBuildFile; fileRef = 862EBEBD1F71E0FF0086E52C /* SketchClass.stencil */; };
		862EBED41F71E1410086E52C /* SketchTypeBuilder.swift in Sources */ = {isa = PBXBuildFile; fileRef = 862EBEBE1F71E0FF0086E52C /* SketchTypeBuilder.swift */; };
		862EBED51F71E1410086E52C /* TextStyle.stencil in Resources */ = {isa = PBXBuildFile; fileRef = 862EBEC01F71E0FF0086E52C /* TextStyle.stencil */; };
		862EBED61F71E1410086E52C /* Command.swift in Sources */ = {isa = PBXBuildFile; fileRef = 862EBEC21F71E0FF0086E52C /* Command.swift */; };
		862EBED71F71E1410086E52C /* Log.swift in Sources */ = {isa = PBXBuildFile; fileRef = 862EBEC31F71E0FF0086E52C /* Log.swift */; };
		862EBED81F71E1410086E52C /* String.swift in Sources */ = {isa = PBXBuildFile; fileRef = 862EBEC41F71E0FF0086E52C /* String.swift */; };
		862EBEDB1F71E2A00086E52C /* InputSketchHelper.swift in Sources */ = {isa = PBXBuildFile; fileRef = 862EBE851F71D9620086E52C /* InputSketchHelper.swift */; };
		862EBEDC1F71E2A40086E52C /* InputSketch.dump.json in Resources */ = {isa = PBXBuildFile; fileRef = 862EBE831F71D9260086E52C /* InputSketch.dump.json */; };
		862EBEDE1F71E4340086E52C /* SketchyCode.h in Headers */ = {isa = PBXBuildFile; fileRef = 862EBEDD1F71E4340086E52C /* SketchyCode.h */; settings = {ATTRIBUTES = (Public, ); }; };
		862EBEE61F7216F80086E52C /* Helpers.swift in Sources */ = {isa = PBXBuildFile; fileRef = 862EBEE51F7216F80086E52C /* Helpers.swift */; };
		862EBEEB1F72AF090086E52C /* SketchClasses+Helpers.swift in Sources */ = {isa = PBXBuildFile; fileRef = 862EBEE91F72AF090086E52C /* SketchClasses+Helpers.swift */; };
		862EBEEC1F72AF090086E52C /* SketchClasses+Generated.swift in Sources */ = {isa = PBXBuildFile; fileRef = 862EBEEA1F72AF090086E52C /* SketchClasses+Generated.swift */; };
		862EBEEE1F72AF410086E52C /* LayerContainer.swift in Sources */ = {isa = PBXBuildFile; fileRef = 862EBEED1F72AF410086E52C /* LayerContainer.swift */; };
		862EBEF01F72AFBF0086E52C /* PathContainer.swift in Sources */ = {isa = PBXBuildFile; fileRef = 862EBEEF1F72AFBF0086E52C /* PathContainer.swift */; };
		8631B3EF1F8713C40029BF90 /* NamingStrategy.swift in Sources */ = {isa = PBXBuildFile; fileRef = 8631B3EE1F8713C40029BF90 /* NamingStrategy.swift */; };
		8631B3F11F87B6B10029BF90 /* Utils.swift in Sources */ = {isa = PBXBuildFile; fileRef = 8631B3F01F87B6B10029BF90 /* Utils.swift */; };
		86425AA51F8FF81800D48C53 /* TransformationTests.swift in Sources */ = {isa = PBXBuildFile; fileRef = 86425AA41F8FF81800D48C53 /* TransformationTests.swift */; };
		86425AA71F9012BA00D48C53 /* FileFormat.md in Resources */ = {isa = PBXBuildFile; fileRef = 86425AA61F9012BA00D48C53 /* FileFormat.md */; };
		86425AA91F91092200D48C53 /* Helpers.swift in Sources */ = {isa = PBXBuildFile; fileRef = 86425AA81F91092200D48C53 /* Helpers.swift */; };
		86425AAB1F9116FD00D48C53 /* GenerationHint.swift in Sources */ = {isa = PBXBuildFile; fileRef = 86425AAA1F9116FD00D48C53 /* GenerationHint.swift */; };
		86425AAD1F911B9100D48C53 /* UtilsTests.swift in Sources */ = {isa = PBXBuildFile; fileRef = 86425AAC1F911B9100D48C53 /* UtilsTests.swift */; };
		864626341F8ED7E700F8047B /* VariableRef.swift in Sources */ = {isa = PBXBuildFile; fileRef = 864626331F8ED7E700F8047B /* VariableRef.swift */; };
		864626361F8ED87800F8047B /* AssignmentExpression.swift in Sources */ = {isa = PBXBuildFile; fileRef = 864626351F8ED87800F8047B /* AssignmentExpression.swift */; };
		864626381F8ED89600F8047B /* BasicExpression.swift in Sources */ = {isa = PBXBuildFile; fileRef = 864626371F8ED89600F8047B /* BasicExpression.swift */; };
		8646263A1F8EE4B700F8047B /* Errors.swift in Sources */ = {isa = PBXBuildFile; fileRef = 864626391F8EE4B700F8047B /* Errors.swift */; };
		8646263C1F8EE5CF00F8047B /* GeneratorContext.swift in Sources */ = {isa = PBXBuildFile; fileRef = 8646263B1F8EE5CF00F8047B /* GeneratorContext.swift */; };
		867F448D1F8C5B8200B793E3 /* ClassDeclaration.swift in Sources */ = {isa = PBXBuildFile; fileRef = 867F448C1F8C5B8200B793E3 /* ClassDeclaration.swift */; };
		867F448F1F8C5BBB00B793E3 /* VariableDeclaration.swift in Sources */ = {isa = PBXBuildFile; fileRef = 867F448E1F8C5BBB00B793E3 /* VariableDeclaration.swift */; };
		8689092D1F8FCCFC008884E5 /* TransformDocument.swift in Sources */ = {isa = PBXBuildFile; fileRef = 8689092C1F8FCCFC008884E5 /* TransformDocument.swift */; };
		8689092F1F8FE112008884E5 /* Builder.swift in Sources */ = {isa = PBXBuildFile; fileRef = 8689092E1F8FE112008884E5 /* Builder.swift */; };
		86D827B31F8F00D9009042E7 /* Containers.swift in Sources */ = {isa = PBXBuildFile; fileRef = 86D827B21F8F00D9009042E7 /* Containers.swift */; };
		86D9E8BC1F843C0D008A6D70 /* GenerationTests.swift in Sources */ = {isa = PBXBuildFile; fileRef = 86D9E8BB1F843C0D008A6D70 /* GenerationTests.swift */; };
		86D9E8BF1F848BC1008A6D70 /* TypeRef.swift in Sources */ = {isa = PBXBuildFile; fileRef = 86D9E8BE1F848BC1008A6D70 /* TypeRef.swift */; };
		86D9E8C11F848BD8008A6D70 /* Writer.swift in Sources */ = {isa = PBXBuildFile; fileRef = 86D9E8C01F848BD8008A6D70 /* Writer.swift */; };
		86D9E8C31F848C06008A6D70 /* Scope.swift in Sources */ = {isa = PBXBuildFile; fileRef = 86D9E8C21F848C06008A6D70 /* Scope.swift */; };
		86D9E8C51F848C38008A6D70 /* Generators.swift in Sources */ = {isa = PBXBuildFile; fileRef = 86D9E8C41F848C38008A6D70 /* Generators.swift */; };
		940BA686A771AB2D6A2ACD48 /* Pods_SketchyCode.framework in Frameworks */ = {isa = PBXBuildFile; fileRef = 8F57022D6CC792DD283CE341 /* Pods_SketchyCode.framework */; };
		BAC2ACE3E6264A59451F26D5 /* Pods_SketchyCodeTests.framework in Frameworks */ = {isa = PBXBuildFile; fileRef = 4FCCB180C3D8921AD451F66E /* Pods_SketchyCodeTests.framework */; };
		C0C2FF1DDFF9C80DBFD2DA10 /* Pods_SketchyCodeCLI.framework in Frameworks */ = {isa = PBXBuildFile; fileRef = 494DBC26DE170D3998EEE3D4 /* Pods_SketchyCodeCLI.framework */; };
		D43432631F9FCE4C008A0B20 /* SketchyPlugin.h in Headers */ = {isa = PBXBuildFile; fileRef = D43432611F9FCE4C008A0B20 /* SketchyPlugin.h */; settings = {ATTRIBUTES = (Public, ); }; };
		D434326E1F9FCF76008A0B20 /* load.js in CopyFiles */ = {isa = PBXBuildFile; fileRef = D434326B1F9FCEDE008A0B20 /* load.js */; };
		D43432711F9FD264008A0B20 /* SketchInterface.h in Headers */ = {isa = PBXBuildFile; fileRef = D434326F1F9FD264008A0B20 /* SketchInterface.h */; settings = {ATTRIBUTES = (Public, ); }; };
		D43432721F9FD264008A0B20 /* SketchInterface.m in Sources */ = {isa = PBXBuildFile; fileRef = D43432701F9FD264008A0B20 /* SketchInterface.m */; };
		D43432751F9FD7F4008A0B20 /* NSView+SKPExtensions.h in Headers */ = {isa = PBXBuildFile; fileRef = D43432731F9FD7F4008A0B20 /* NSView+SKPExtensions.h */; settings = {ATTRIBUTES = (Public, ); }; };
		D43432761F9FD7F4008A0B20 /* NSView+SKPExtensions.m in Sources */ = {isa = PBXBuildFile; fileRef = D43432741F9FD7F4008A0B20 /* NSView+SKPExtensions.m */; };
/* End PBXBuildFile section */

/* Begin PBXContainerItemProxy section */
		862EBE971F71DFAE0086E52C /* PBXContainerItemProxy */ = {
			isa = PBXContainerItemProxy;
			containerPortal = 863E3E771ECFB1A7008AF9E5 /* Project object */;
			proxyType = 1;
			remoteGlobalIDString = 862EBE8C1F71DFAE0086E52C;
			remoteInfo = SketchyCode;
		};
		862EBEA01F71DFAE0086E52C /* PBXContainerItemProxy */ = {
			isa = PBXContainerItemProxy;
			containerPortal = 863E3E771ECFB1A7008AF9E5 /* Project object */;
			proxyType = 1;
			remoteGlobalIDString = 862EBE8C1F71DFAE0086E52C;
			remoteInfo = SketchyCode;
		};
/* End PBXContainerItemProxy section */

/* Begin PBXCopyFilesBuildPhase section */
		862EBEA71F71DFAE0086E52C /* Embed Frameworks */ = {
			isa = PBXCopyFilesBuildPhase;
			buildActionMask = 2147483647;
			dstPath = "";
			dstSubfolderSpec = 10;
			files = (
				862EBEA31F71DFAE0086E52C /* SketchyCode.framework in Embed Frameworks */,
			);
			name = "Embed Frameworks";
			runOnlyForDeploymentPostprocessing = 0;
		};
		D434326D1F9FCF66008A0B20 /* CopyFiles */ = {
			isa = PBXCopyFilesBuildPhase;
			buildActionMask = 2147483647;
			dstPath = "";
			dstSubfolderSpec = 1;
			files = (
				D434326E1F9FCF76008A0B20 /* load.js in CopyFiles */,
			);
			runOnlyForDeploymentPostprocessing = 0;
		};
/* End PBXCopyFilesBuildPhase section */

/* Begin PBXFileReference section */
		0A239D3D3CA65E56B61D3F1E /* Pods-SketchyCodeTests.debug.xcconfig */ = {isa = PBXFileReference; includeInIndex = 1; lastKnownFileType = text.xcconfig; name = "Pods-SketchyCodeTests.debug.xcconfig"; path = "Pods/Target Support Files/Pods-SketchyCodeTests/Pods-SketchyCodeTests.debug.xcconfig"; sourceTree = "<group>"; };
		3E276813DE39E7961ACE74ED /* Pods-SketchyCodeTests.release.xcconfig */ = {isa = PBXFileReference; includeInIndex = 1; lastKnownFileType = text.xcconfig; name = "Pods-SketchyCodeTests.release.xcconfig"; path = "Pods/Target Support Files/Pods-SketchyCodeTests/Pods-SketchyCodeTests.release.xcconfig"; sourceTree = "<group>"; };
		494DBC26DE170D3998EEE3D4 /* Pods_SketchyCodeCLI.framework */ = {isa = PBXFileReference; explicitFileType = wrapper.framework; includeInIndex = 0; path = Pods_SketchyCodeCLI.framework; sourceTree = BUILT_PRODUCTS_DIR; };
		4FCCB180C3D8921AD451F66E /* Pods_SketchyCodeTests.framework */ = {isa = PBXFileReference; explicitFileType = wrapper.framework; includeInIndex = 0; path = Pods_SketchyCodeTests.framework; sourceTree = BUILT_PRODUCTS_DIR; };
		5E44735FCFC8D2ED51E6DCA1 /* Pods_SketchGen.framework */ = {isa = PBXFileReference; explicitFileType = wrapper.framework; includeInIndex = 0; path = Pods_SketchGen.framework; sourceTree = BUILT_PRODUCTS_DIR; };
		6C44A7CBA3D8FCF53ABA6740 /* Pods-SketchyCodeCLI.debug.xcconfig */ = {isa = PBXFileReference; includeInIndex = 1; lastKnownFileType = text.xcconfig; name = "Pods-SketchyCodeCLI.debug.xcconfig"; path = "Pods/Target Support Files/Pods-SketchyCodeCLI/Pods-SketchyCodeCLI.debug.xcconfig"; sourceTree = "<group>"; };
		86066DA71F85B16E00130A65 /* VariableMutation.swift */ = {isa = PBXFileReference; lastKnownFileType = sourcecode.swift; path = VariableMutation.swift; sourceTree = "<group>"; };
		861890741F944C07007BBBA6 /* FunctionDeclaration.swift */ = {isa = PBXFileReference; lastKnownFileType = sourcecode.swift; path = FunctionDeclaration.swift; sourceTree = "<group>"; };
		8629C3241F73363D000877D2 /* Debug.swift */ = {isa = PBXFileReference; lastKnownFileType = sourcecode.swift; path = Debug.swift; sourceTree = "<group>"; };
		8629C3261F73370D000877D2 /* Enableable.swift */ = {isa = PBXFileReference; lastKnownFileType = sourcecode.swift; path = Enableable.swift; sourceTree = "<group>"; };
		8629C3281F7339ED000877D2 /* Styled.swift */ = {isa = PBXFileReference; lastKnownFileType = sourcecode.swift; path = Styled.swift; sourceTree = "<group>"; };
		862EBE831F71D9260086E52C /* InputSketch.dump.json */ = {isa = PBXFileReference; fileEncoding = 4; lastKnownFileType = text.json; path = InputSketch.dump.json; sourceTree = "<group>"; };
		862EBE851F71D9620086E52C /* InputSketchHelper.swift */ = {isa = PBXFileReference; fileEncoding = 4; lastKnownFileType = sourcecode.swift; path = InputSketchHelper.swift; sourceTree = "<group>"; };
		862EBE8D1F71DFAE0086E52C /* SketchyCode.framework */ = {isa = PBXFileReference; explicitFileType = wrapper.framework; includeInIndex = 0; path = SketchyCode.framework; sourceTree = BUILT_PRODUCTS_DIR; };
		862EBE951F71DFAE0086E52C /* SketchyCodeTests.xctest */ = {isa = PBXFileReference; explicitFileType = wrapper.cfbundle; includeInIndex = 0; path = SketchyCodeTests.xctest; sourceTree = BUILT_PRODUCTS_DIR; };
		862EBE9C1F71DFAE0086E52C /* SketchyCodeTests.swift */ = {isa = PBXFileReference; lastKnownFileType = sourcecode.swift; path = SketchyCodeTests.swift; sourceTree = "<group>"; };
		862EBE9E1F71DFAE0086E52C /* Info.plist */ = {isa = PBXFileReference; lastKnownFileType = text.plist.xml; path = Info.plist; sourceTree = "<group>"; };
		862EBEBD1F71E0FF0086E52C /* SketchClass.stencil */ = {isa = PBXFileReference; fileEncoding = 4; lastKnownFileType = text; path = SketchClass.stencil; sourceTree = "<group>"; };
		862EBEBE1F71E0FF0086E52C /* SketchTypeBuilder.swift */ = {isa = PBXFileReference; fileEncoding = 4; lastKnownFileType = sourcecode.swift; path = SketchTypeBuilder.swift; sourceTree = "<group>"; };
		862EBEC01F71E0FF0086E52C /* TextStyle.stencil */ = {isa = PBXFileReference; fileEncoding = 4; lastKnownFileType = text; path = TextStyle.stencil; sourceTree = "<group>"; };
		862EBEC21F71E0FF0086E52C /* Command.swift */ = {isa = PBXFileReference; fileEncoding = 4; lastKnownFileType = sourcecode.swift; path = Command.swift; sourceTree = "<group>"; };
		862EBEC31F71E0FF0086E52C /* Log.swift */ = {isa = PBXFileReference; fileEncoding = 4; lastKnownFileType = sourcecode.swift; path = Log.swift; sourceTree = "<group>"; };
		862EBEC41F71E0FF0086E52C /* String.swift */ = {isa = PBXFileReference; fileEncoding = 4; lastKnownFileType = sourcecode.swift; path = String.swift; sourceTree = "<group>"; };
		862EBECB1F71E1250086E52C /* main.swift */ = {isa = PBXFileReference; fileEncoding = 4; lastKnownFileType = sourcecode.swift; path = main.swift; sourceTree = "<group>"; };
		862EBECC1F71E1250086E52C /* Info.plist */ = {isa = PBXFileReference; fileEncoding = 4; lastKnownFileType = text.plist.xml; path = Info.plist; sourceTree = "<group>"; };
		862EBECD1F71E1250086E52C /* SketchyCodeCLI.swift */ = {isa = PBXFileReference; fileEncoding = 4; lastKnownFileType = sourcecode.swift; path = SketchyCodeCLI.swift; sourceTree = "<group>"; };
		862EBED91F71E2030086E52C /* Info.plist */ = {isa = PBXFileReference; fileEncoding = 4; lastKnownFileType = text.plist.xml; path = Info.plist; sourceTree = "<group>"; };
		862EBEDD1F71E4340086E52C /* SketchyCode.h */ = {isa = PBXFileReference; fileEncoding = 4; lastKnownFileType = sourcecode.c.h; path = SketchyCode.h; sourceTree = "<group>"; };
		862EBEE21F71E5850086E52C /* Marshal.framework */ = {isa = PBXFileReference; lastKnownFileType = wrapper.framework; name = Marshal.framework; path = "../../Library/Developer/Xcode/DerivedData/SketchyCode-bcgajqqdxetbluaawggbpweiipjy/Build/Products/Debug/Marshal/Marshal.framework"; sourceTree = "<group>"; };
		862EBEE51F7216F80086E52C /* Helpers.swift */ = {isa = PBXFileReference; fileEncoding = 4; lastKnownFileType = sourcecode.swift; path = Helpers.swift; sourceTree = "<group>"; };
		862EBEE91F72AF090086E52C /* SketchClasses+Helpers.swift */ = {isa = PBXFileReference; fileEncoding = 4; lastKnownFileType = sourcecode.swift; path = "SketchClasses+Helpers.swift"; sourceTree = "<group>"; };
		862EBEEA1F72AF090086E52C /* SketchClasses+Generated.swift */ = {isa = PBXFileReference; fileEncoding = 4; lastKnownFileType = sourcecode.swift; path = "SketchClasses+Generated.swift"; sourceTree = "<group>"; };
		862EBEED1F72AF410086E52C /* LayerContainer.swift */ = {isa = PBXFileReference; fileEncoding = 4; lastKnownFileType = sourcecode.swift; path = LayerContainer.swift; sourceTree = "<group>"; };
		862EBEEF1F72AFBF0086E52C /* PathContainer.swift */ = {isa = PBXFileReference; fileEncoding = 4; lastKnownFileType = sourcecode.swift; path = PathContainer.swift; sourceTree = "<group>"; };
		8631B3EE1F8713C40029BF90 /* NamingStrategy.swift */ = {isa = PBXFileReference; lastKnownFileType = sourcecode.swift; path = NamingStrategy.swift; sourceTree = "<group>"; };
		8631B3F01F87B6B10029BF90 /* Utils.swift */ = {isa = PBXFileReference; lastKnownFileType = sourcecode.swift; path = Utils.swift; sourceTree = "<group>"; };
		863E3E7F1ECFB1A7008AF9E5 /* SketchyCodeCLI.app */ = {isa = PBXFileReference; explicitFileType = wrapper.application; includeInIndex = 0; path = SketchyCodeCLI.app; sourceTree = BUILT_PRODUCTS_DIR; };
		86425AA41F8FF81800D48C53 /* TransformationTests.swift */ = {isa = PBXFileReference; lastKnownFileType = sourcecode.swift; path = TransformationTests.swift; sourceTree = "<group>"; };
		86425AA61F9012BA00D48C53 /* FileFormat.md */ = {isa = PBXFileReference; lastKnownFileType = net.daringfireball.markdown; path = FileFormat.md; sourceTree = "<group>"; };
		86425AA81F91092200D48C53 /* Helpers.swift */ = {isa = PBXFileReference; lastKnownFileType = sourcecode.swift; path = Helpers.swift; sourceTree = "<group>"; };
		86425AAA1F9116FD00D48C53 /* GenerationHint.swift */ = {isa = PBXFileReference; lastKnownFileType = sourcecode.swift; path = GenerationHint.swift; sourceTree = "<group>"; };
		86425AAC1F911B9100D48C53 /* UtilsTests.swift */ = {isa = PBXFileReference; lastKnownFileType = sourcecode.swift; path = UtilsTests.swift; sourceTree = "<group>"; };
		864626331F8ED7E700F8047B /* VariableRef.swift */ = {isa = PBXFileReference; lastKnownFileType = sourcecode.swift; path = VariableRef.swift; sourceTree = "<group>"; };
		864626351F8ED87800F8047B /* AssignmentExpression.swift */ = {isa = PBXFileReference; lastKnownFileType = sourcecode.swift; path = AssignmentExpression.swift; sourceTree = "<group>"; };
		864626371F8ED89600F8047B /* BasicExpression.swift */ = {isa = PBXFileReference; lastKnownFileType = sourcecode.swift; path = BasicExpression.swift; sourceTree = "<group>"; };
		864626391F8EE4B700F8047B /* Errors.swift */ = {isa = PBXFileReference; lastKnownFileType = sourcecode.swift; path = Errors.swift; sourceTree = "<group>"; };
		8646263B1F8EE5CF00F8047B /* GeneratorContext.swift */ = {isa = PBXFileReference; lastKnownFileType = sourcecode.swift; path = GeneratorContext.swift; sourceTree = "<group>"; };
		867F448C1F8C5B8200B793E3 /* ClassDeclaration.swift */ = {isa = PBXFileReference; lastKnownFileType = sourcecode.swift; path = ClassDeclaration.swift; sourceTree = "<group>"; };
		867F448E1F8C5BBB00B793E3 /* VariableDeclaration.swift */ = {isa = PBXFileReference; lastKnownFileType = sourcecode.swift; path = VariableDeclaration.swift; sourceTree = "<group>"; };
		8689092C1F8FCCFC008884E5 /* TransformDocument.swift */ = {isa = PBXFileReference; lastKnownFileType = sourcecode.swift; path = TransformDocument.swift; sourceTree = "<group>"; };
		8689092E1F8FE112008884E5 /* Builder.swift */ = {isa = PBXFileReference; lastKnownFileType = sourcecode.swift; path = Builder.swift; sourceTree = "<group>"; };
		86D827B21F8F00D9009042E7 /* Containers.swift */ = {isa = PBXFileReference; lastKnownFileType = sourcecode.swift; path = Containers.swift; sourceTree = "<group>"; };
		86D9E8BB1F843C0D008A6D70 /* GenerationTests.swift */ = {isa = PBXFileReference; fileEncoding = 4; lastKnownFileType = sourcecode.swift; path = GenerationTests.swift; sourceTree = "<group>"; };
		86D9E8BE1F848BC1008A6D70 /* TypeRef.swift */ = {isa = PBXFileReference; fileEncoding = 4; lastKnownFileType = sourcecode.swift; path = TypeRef.swift; sourceTree = "<group>"; };
		86D9E8C01F848BD8008A6D70 /* Writer.swift */ = {isa = PBXFileReference; fileEncoding = 4; lastKnownFileType = sourcecode.swift; path = Writer.swift; sourceTree = "<group>"; };
		86D9E8C21F848C06008A6D70 /* Scope.swift */ = {isa = PBXFileReference; fileEncoding = 4; lastKnownFileType = sourcecode.swift; path = Scope.swift; sourceTree = "<group>"; };
		86D9E8C41F848C38008A6D70 /* Generators.swift */ = {isa = PBXFileReference; fileEncoding = 4; lastKnownFileType = sourcecode.swift; path = Generators.swift; sourceTree = "<group>"; };
		8A48A8E9CF31C448E0960876 /* Pods-SketchyCodeCLI.release.xcconfig */ = {isa = PBXFileReference; includeInIndex = 1; lastKnownFileType = text.xcconfig; name = "Pods-SketchyCodeCLI.release.xcconfig"; path = "Pods/Target Support Files/Pods-SketchyCodeCLI/Pods-SketchyCodeCLI.release.xcconfig"; sourceTree = "<group>"; };
		8F57022D6CC792DD283CE341 /* Pods_SketchyCode.framework */ = {isa = PBXFileReference; explicitFileType = wrapper.framework; includeInIndex = 0; path = Pods_SketchyCode.framework; sourceTree = BUILT_PRODUCTS_DIR; };
		A1B612193179ACEFAAA5C48D /* Pods-SketchyCode.debug.xcconfig */ = {isa = PBXFileReference; includeInIndex = 1; lastKnownFileType = text.xcconfig; name = "Pods-SketchyCode.debug.xcconfig"; path = "Pods/Target Support Files/Pods-SketchyCode/Pods-SketchyCode.debug.xcconfig"; sourceTree = "<group>"; };
		D434325F1F9FCE4C008A0B20 /* SketchyPlugin.framework */ = {isa = PBXFileReference; explicitFileType = wrapper.framework; includeInIndex = 0; path = SketchyPlugin.framework; sourceTree = BUILT_PRODUCTS_DIR; };
		D43432611F9FCE4C008A0B20 /* SketchyPlugin.h */ = {isa = PBXFileReference; lastKnownFileType = sourcecode.c.h; path = SketchyPlugin.h; sourceTree = "<group>"; };
		D43432621F9FCE4C008A0B20 /* Info.plist */ = {isa = PBXFileReference; lastKnownFileType = text.plist.xml; path = Info.plist; sourceTree = "<group>"; };
		D434326B1F9FCEDE008A0B20 /* load.js */ = {isa = PBXFileReference; lastKnownFileType = sourcecode.javascript; path = load.js; sourceTree = "<group>"; };
		D434326F1F9FD264008A0B20 /* SketchInterface.h */ = {isa = PBXFileReference; lastKnownFileType = sourcecode.c.h; path = SketchInterface.h; sourceTree = "<group>"; };
		D43432701F9FD264008A0B20 /* SketchInterface.m */ = {isa = PBXFileReference; lastKnownFileType = sourcecode.c.objc; path = SketchInterface.m; sourceTree = "<group>"; };
		D43432731F9FD7F4008A0B20 /* NSView+SKPExtensions.h */ = {isa = PBXFileReference; lastKnownFileType = sourcecode.c.h; path = "NSView+SKPExtensions.h"; sourceTree = "<group>"; };
		D43432741F9FD7F4008A0B20 /* NSView+SKPExtensions.m */ = {isa = PBXFileReference; lastKnownFileType = sourcecode.c.objc; path = "NSView+SKPExtensions.m"; sourceTree = "<group>"; };
		D51799568B333AB48B63723E /* Pods-SketchyCode.release.xcconfig */ = {isa = PBXFileReference; includeInIndex = 1; lastKnownFileType = text.xcconfig; name = "Pods-SketchyCode.release.xcconfig"; path = "Pods/Target Support Files/Pods-SketchyCode/Pods-SketchyCode.release.xcconfig"; sourceTree = "<group>"; };
/* End PBXFileReference section */

/* Begin PBXFrameworksBuildPhase section */
		862EBE891F71DFAE0086E52C /* Frameworks */ = {
			isa = PBXFrameworksBuildPhase;
			buildActionMask = 2147483647;
			files = (
				34FD4DA99FF99A17CCBF1F72 /* Pods_SketchyCode.framework in Frameworks */,
			);
			runOnlyForDeploymentPostprocessing = 0;
		};
		862EBE921F71DFAE0086E52C /* Frameworks */ = {
			isa = PBXFrameworksBuildPhase;
			buildActionMask = 2147483647;
			files = (
				862EBE961F71DFAE0086E52C /* SketchyCode.framework in Frameworks */,
				BAC2ACE3E6264A59451F26D5 /* Pods_SketchyCodeTests.framework in Frameworks */,
			);
			runOnlyForDeploymentPostprocessing = 0;
		};
		863E3E7C1ECFB1A7008AF9E5 /* Frameworks */ = {
			isa = PBXFrameworksBuildPhase;
			buildActionMask = 2147483647;
			files = (
				940BA686A771AB2D6A2ACD48 /* Pods_SketchyCode.framework in Frameworks */,
				862EBEA21F71DFAE0086E52C /* SketchyCode.framework in Frameworks */,
				C0C2FF1DDFF9C80DBFD2DA10 /* Pods_SketchyCodeCLI.framework in Frameworks */,
			);
			runOnlyForDeploymentPostprocessing = 0;
		};
		D434325B1F9FCE4C008A0B20 /* Frameworks */ = {
			isa = PBXFrameworksBuildPhase;
			buildActionMask = 2147483647;
			files = (
			);
			runOnlyForDeploymentPostprocessing = 0;
		};
/* End PBXFrameworksBuildPhase section */

/* Begin PBXGroup section */
		1E6F6FE320EA9E4801C75D32 /* Pods */ = {
			isa = PBXGroup;
			children = (
				A1B612193179ACEFAAA5C48D /* Pods-SketchyCode.debug.xcconfig */,
				D51799568B333AB48B63723E /* Pods-SketchyCode.release.xcconfig */,
				6C44A7CBA3D8FCF53ABA6740 /* Pods-SketchyCodeCLI.debug.xcconfig */,
				8A48A8E9CF31C448E0960876 /* Pods-SketchyCodeCLI.release.xcconfig */,
				0A239D3D3CA65E56B61D3F1E /* Pods-SketchyCodeTests.debug.xcconfig */,
				3E276813DE39E7961ACE74ED /* Pods-SketchyCodeTests.release.xcconfig */,
			);
			name = Pods;
			sourceTree = "<group>";
		};
		319DDD944F465BF648C27F14 /* Frameworks */ = {
			isa = PBXGroup;
			children = (
				862EBEE21F71E5850086E52C /* Marshal.framework */,
				5E44735FCFC8D2ED51E6DCA1 /* Pods_SketchGen.framework */,
				8F57022D6CC792DD283CE341 /* Pods_SketchyCode.framework */,
				494DBC26DE170D3998EEE3D4 /* Pods_SketchyCodeCLI.framework */,
				4FCCB180C3D8921AD451F66E /* Pods_SketchyCodeTests.framework */,
			);
			name = Frameworks;
			sourceTree = "<group>";
		};
		862EBE9B1F71DFAE0086E52C /* SketchyCodeTests */ = {
			isa = PBXGroup;
			children = (
				862EBE831F71D9260086E52C /* InputSketch.dump.json */,
				862EBEE51F7216F80086E52C /* Helpers.swift */,
				862EBE851F71D9620086E52C /* InputSketchHelper.swift */,
				86425AAC1F911B9100D48C53 /* UtilsTests.swift */,
				862EBE9C1F71DFAE0086E52C /* SketchyCodeTests.swift */,
				86D9E8BB1F843C0D008A6D70 /* GenerationTests.swift */,
				862EBE9E1F71DFAE0086E52C /* Info.plist */,
				86425AA41F8FF81800D48C53 /* TransformationTests.swift */,
			);
			path = SketchyCodeTests;
			sourceTree = "<group>";
		};
		862EBEAB1F71E0CB0086E52C /* CLI */ = {
			isa = PBXGroup;
			children = (
				862EBECB1F71E1250086E52C /* main.swift */,
				862EBECC1F71E1250086E52C /* Info.plist */,
				862EBECD1F71E1250086E52C /* SketchyCodeCLI.swift */,
				862EBEBC1F71E0FF0086E52C /* JSONBuilder */,
				862EBEBF1F71E0FF0086E52C /* Templates */,
				862EBEC11F71E0FF0086E52C /* Utils */,
			);
			path = CLI;
			sourceTree = "<group>";
		};
		862EBEBC1F71E0FF0086E52C /* JSONBuilder */ = {
			isa = PBXGroup;
			children = (
				862EBEBD1F71E0FF0086E52C /* SketchClass.stencil */,
				862EBEBE1F71E0FF0086E52C /* SketchTypeBuilder.swift */,
			);
			path = JSONBuilder;
			sourceTree = "<group>";
		};
		862EBEBF1F71E0FF0086E52C /* Templates */ = {
			isa = PBXGroup;
			children = (
				862EBEC01F71E0FF0086E52C /* TextStyle.stencil */,
			);
			path = Templates;
			sourceTree = "<group>";
		};
		862EBEC11F71E0FF0086E52C /* Utils */ = {
			isa = PBXGroup;
			children = (
				862EBEC21F71E0FF0086E52C /* Command.swift */,
				862EBEC31F71E0FF0086E52C /* Log.swift */,
				862EBEC41F71E0FF0086E52C /* String.swift */,
			);
			path = Utils;
			sourceTree = "<group>";
		};
		862EBEE71F72AEEE0086E52C /* SketchClasses */ = {
			isa = PBXGroup;
			children = (
				86425AA61F9012BA00D48C53 /* FileFormat.md */,
				862EBEEA1F72AF090086E52C /* SketchClasses+Generated.swift */,
				862EBEE91F72AF090086E52C /* SketchClasses+Helpers.swift */,
				862EBEED1F72AF410086E52C /* LayerContainer.swift */,
				862EBEEF1F72AFBF0086E52C /* PathContainer.swift */,
				8629C3241F73363D000877D2 /* Debug.swift */,
				8629C3261F73370D000877D2 /* Enableable.swift */,
				8629C3281F7339ED000877D2 /* Styled.swift */,
			);
			path = SketchClasses;
			sourceTree = "<group>";
		};
		863E3E761ECFB1A7008AF9E5 = {
			isa = PBXGroup;
			children = (
				863E3E811ECFB1A7008AF9E5 /* SketchyCode */,
				862EBE9B1F71DFAE0086E52C /* SketchyCodeTests */,
				D43432601F9FCE4C008A0B20 /* SketchyPlugin */,
				863E3E801ECFB1A7008AF9E5 /* Products */,
				1E6F6FE320EA9E4801C75D32 /* Pods */,
				319DDD944F465BF648C27F14 /* Frameworks */,
			);
			sourceTree = "<group>";
		};
		863E3E801ECFB1A7008AF9E5 /* Products */ = {
			isa = PBXGroup;
			children = (
				863E3E7F1ECFB1A7008AF9E5 /* SketchyCodeCLI.app */,
				862EBE8D1F71DFAE0086E52C /* SketchyCode.framework */,
				862EBE951F71DFAE0086E52C /* SketchyCodeTests.xctest */,
				D434325F1F9FCE4C008A0B20 /* SketchyPlugin.framework */,
			);
			name = Products;
			sourceTree = "<group>";
		};
		863E3E811ECFB1A7008AF9E5 /* SketchyCode */ = {
			isa = PBXGroup;
			children = (
				862EBEAB1F71E0CB0086E52C /* CLI */,
				8631B3F01F87B6B10029BF90 /* Utils.swift */,
				862EBEE71F72AEEE0086E52C /* SketchClasses */,
				8689092B1F8FCCA9008884E5 /* Transformation */,
				86D9E8BD1F848BAD008A6D70 /* Generation */,
				862EBEDD1F71E4340086E52C /* SketchyCode.h */,
				862EBED91F71E2030086E52C /* Info.plist */,
			);
			path = SketchyCode;
			sourceTree = "<group>";
		};
		8689092B1F8FCCA9008884E5 /* Transformation */ = {
			isa = PBXGroup;
			children = (
				8689092C1F8FCCFC008884E5 /* TransformDocument.swift */,
				8689092E1F8FE112008884E5 /* Builder.swift */,
				86425AA81F91092200D48C53 /* Helpers.swift */,
				86425AAA1F9116FD00D48C53 /* GenerationHint.swift */,
			);
			path = Transformation;
			sourceTree = "<group>";
		};
		86D9E8BD1F848BAD008A6D70 /* Generation */ = {
			isa = PBXGroup;
			children = (
				86D9E8BE1F848BC1008A6D70 /* TypeRef.swift */,
				864626331F8ED7E700F8047B /* VariableRef.swift */,
				86D9E8C21F848C06008A6D70 /* Scope.swift */,
				867F448C1F8C5B8200B793E3 /* ClassDeclaration.swift */,
				867F448E1F8C5BBB00B793E3 /* VariableDeclaration.swift */,
				861890741F944C07007BBBA6 /* FunctionDeclaration.swift */,
				864626371F8ED89600F8047B /* BasicExpression.swift */,
				864626351F8ED87800F8047B /* AssignmentExpression.swift */,
				86D827B21F8F00D9009042E7 /* Containers.swift */,
				86D9E8C41F848C38008A6D70 /* Generators.swift */,
				86066DA71F85B16E00130A65 /* VariableMutation.swift */,
				86D9E8C01F848BD8008A6D70 /* Writer.swift */,
				8631B3EE1F8713C40029BF90 /* NamingStrategy.swift */,
				864626391F8EE4B700F8047B /* Errors.swift */,
				8646263B1F8EE5CF00F8047B /* GeneratorContext.swift */,
			);
			path = Generation;
			sourceTree = "<group>";
		};
		D43432601F9FCE4C008A0B20 /* SketchyPlugin */ = {
			isa = PBXGroup;
			children = (
				D43432611F9FCE4C008A0B20 /* SketchyPlugin.h */,
				D434326F1F9FD264008A0B20 /* SketchInterface.h */,
				D43432701F9FD264008A0B20 /* SketchInterface.m */,
				D43432731F9FD7F4008A0B20 /* NSView+SKPExtensions.h */,
				D43432741F9FD7F4008A0B20 /* NSView+SKPExtensions.m */,
				D43432621F9FCE4C008A0B20 /* Info.plist */,
				D434326B1F9FCEDE008A0B20 /* load.js */,
			);
			path = SketchyPlugin;
			sourceTree = "<group>";
		};
/* End PBXGroup section */

/* Begin PBXHeadersBuildPhase section */
		862EBE8A1F71DFAE0086E52C /* Headers */ = {
			isa = PBXHeadersBuildPhase;
			buildActionMask = 2147483647;
			files = (
				862EBEDE1F71E4340086E52C /* SketchyCode.h in Headers */,
			);
			runOnlyForDeploymentPostprocessing = 0;
		};
		D434325C1F9FCE4C008A0B20 /* Headers */ = {
			isa = PBXHeadersBuildPhase;
			buildActionMask = 2147483647;
			files = (
				D43432631F9FCE4C008A0B20 /* SketchyPlugin.h in Headers */,
				D43432711F9FD264008A0B20 /* SketchInterface.h in Headers */,
				D43432751F9FD7F4008A0B20 /* NSView+SKPExtensions.h in Headers */,
			);
			runOnlyForDeploymentPostprocessing = 0;
		};
/* End PBXHeadersBuildPhase section */

/* Begin PBXNativeTarget section */
		862EBE8C1F71DFAE0086E52C /* SketchyCode */ = {
			isa = PBXNativeTarget;
			buildConfigurationList = 862EBEA41F71DFAE0086E52C /* Build configuration list for PBXNativeTarget "SketchyCode" */;
			buildPhases = (
				129DB951E812080A85DB7311 /* [CP] Check Pods Manifest.lock */,
				862EBE881F71DFAE0086E52C /* Sources */,
				862EBE891F71DFAE0086E52C /* Frameworks */,
				862EBE8A1F71DFAE0086E52C /* Headers */,
				862EBE8B1F71DFAE0086E52C /* Resources */,
				C46391A47072C7BB470BE5A6 /* [CP] Copy Pods Resources */,
			);
			buildRules = (
			);
			dependencies = (
			);
			name = SketchyCode;
			productName = SketchyCode;
			productReference = 862EBE8D1F71DFAE0086E52C /* SketchyCode.framework */;
			productType = "com.apple.product-type.framework";
		};
		862EBE941F71DFAE0086E52C /* SketchyCodeTests */ = {
			isa = PBXNativeTarget;
			buildConfigurationList = 862EBEA81F71DFAE0086E52C /* Build configuration list for PBXNativeTarget "SketchyCodeTests" */;
			buildPhases = (
				B22A38A77AD8EEBC1D9C2F04 /* [CP] Check Pods Manifest.lock */,
				862EBE911F71DFAE0086E52C /* Sources */,
				862EBE921F71DFAE0086E52C /* Frameworks */,
				862EBE931F71DFAE0086E52C /* Resources */,
				1BFA016D3B7DCCB17BF4377B /* [CP] Embed Pods Frameworks */,
				C0EE2091DA27BB527C25C24E /* [CP] Copy Pods Resources */,
			);
			buildRules = (
			);
			dependencies = (
				862EBE981F71DFAE0086E52C /* PBXTargetDependency */,
			);
			name = SketchyCodeTests;
			productName = SketchyCodeTests;
			productReference = 862EBE951F71DFAE0086E52C /* SketchyCodeTests.xctest */;
			productType = "com.apple.product-type.bundle.unit-test";
		};
		863E3E7E1ECFB1A7008AF9E5 /* SketchyCodeCLI */ = {
			isa = PBXNativeTarget;
			buildConfigurationList = 863E3E991ECFB1A7008AF9E5 /* Build configuration list for PBXNativeTarget "SketchyCodeCLI" */;
			buildPhases = (
				804D0238434A6D542132B2D0 /* [CP] Check Pods Manifest.lock */,
				863E3E7B1ECFB1A7008AF9E5 /* Sources */,
				863E3E7C1ECFB1A7008AF9E5 /* Frameworks */,
				863E3E7D1ECFB1A7008AF9E5 /* Resources */,
				2355747DAD50F77FB28D5D3E /* [CP] Embed Pods Frameworks */,
				F43EE122ED059BD803B58CF0 /* [CP] Copy Pods Resources */,
				862EBEA71F71DFAE0086E52C /* Embed Frameworks */,
			);
			buildRules = (
			);
			dependencies = (
				862EBEA11F71DFAE0086E52C /* PBXTargetDependency */,
			);
			name = SketchyCodeCLI;
			productName = SketchGen;
			productReference = 863E3E7F1ECFB1A7008AF9E5 /* SketchyCodeCLI.app */;
			productType = "com.apple.product-type.application";
		};
		D434325E1F9FCE4C008A0B20 /* SketchyPlugin */ = {
			isa = PBXNativeTarget;
			buildConfigurationList = D43432661F9FCE4C008A0B20 /* Build configuration list for PBXNativeTarget "SketchyPlugin" */;
			buildPhases = (
				D434325A1F9FCE4C008A0B20 /* Sources */,
				D434325B1F9FCE4C008A0B20 /* Frameworks */,
				D434325C1F9FCE4C008A0B20 /* Headers */,
				D434325D1F9FCE4C008A0B20 /* Resources */,
				D434326D1F9FCF66008A0B20 /* CopyFiles */,
			);
			buildRules = (
			);
			dependencies = (
			);
			name = SketchyPlugin;
			productName = SketchyPlugin;
			productReference = D434325F1F9FCE4C008A0B20 /* SketchyPlugin.framework */;
			productType = "com.apple.product-type.framework";
		};
/* End PBXNativeTarget section */

/* Begin PBXProject section */
		863E3E771ECFB1A7008AF9E5 /* Project object */ = {
			isa = PBXProject;
			attributes = {
				LastSwiftUpdateCheck = 0830;
				LastUpgradeCheck = 0830;
				ORGANIZATIONNAME = "Brian King";
				TargetAttributes = {
					862EBE8C1F71DFAE0086E52C = {
						CreatedOnToolsVersion = 8.3.2;
						ProvisioningStyle = Manual;
					};
					862EBE941F71DFAE0086E52C = {
						CreatedOnToolsVersion = 8.3.2;
						DevelopmentTeam = PVB49FM6EC;
						ProvisioningStyle = Automatic;
					};
					863E3E7E1ECFB1A7008AF9E5 = {
						CreatedOnToolsVersion = 8.3.2;
						ProvisioningStyle = Automatic;
					};
					D434325E1F9FCE4C008A0B20 = {
						CreatedOnToolsVersion = 9.0;
						ProvisioningStyle = Manual;
					};
				};
			};
			buildConfigurationList = 863E3E7A1ECFB1A7008AF9E5 /* Build configuration list for PBXProject "SketchyCode" */;
			compatibilityVersion = "Xcode 3.2";
			developmentRegion = English;
			hasScannedForEncodings = 0;
			knownRegions = (
				en,
				Base,
			);
			mainGroup = 863E3E761ECFB1A7008AF9E5;
			productRefGroup = 863E3E801ECFB1A7008AF9E5 /* Products */;
			projectDirPath = "";
			projectRoot = "";
			targets = (
				863E3E7E1ECFB1A7008AF9E5 /* SketchyCodeCLI */,
				862EBE8C1F71DFAE0086E52C /* SketchyCode */,
				862EBE941F71DFAE0086E52C /* SketchyCodeTests */,
				D434325E1F9FCE4C008A0B20 /* SketchyPlugin */,
			);
		};
/* End PBXProject section */

/* Begin PBXResourcesBuildPhase section */
		862EBE8B1F71DFAE0086E52C /* Resources */ = {
			isa = PBXResourcesBuildPhase;
			buildActionMask = 2147483647;
			files = (
				86425AA71F9012BA00D48C53 /* FileFormat.md in Resources */,
			);
			runOnlyForDeploymentPostprocessing = 0;
		};
		862EBE931F71DFAE0086E52C /* Resources */ = {
			isa = PBXResourcesBuildPhase;
			buildActionMask = 2147483647;
			files = (
				862EBEDC1F71E2A40086E52C /* InputSketch.dump.json in Resources */,
			);
			runOnlyForDeploymentPostprocessing = 0;
		};
		863E3E7D1ECFB1A7008AF9E5 /* Resources */ = {
			isa = PBXResourcesBuildPhase;
			buildActionMask = 2147483647;
			files = (
				862EBED51F71E1410086E52C /* TextStyle.stencil in Resources */,
				862EBED31F71E1410086E52C /* SketchClass.stencil in Resources */,
			);
			runOnlyForDeploymentPostprocessing = 0;
		};
		D434325D1F9FCE4C008A0B20 /* Resources */ = {
			isa = PBXResourcesBuildPhase;
			buildActionMask = 2147483647;
			files = (
			);
			runOnlyForDeploymentPostprocessing = 0;
		};
/* End PBXResourcesBuildPhase section */

/* Begin PBXShellScriptBuildPhase section */
		129DB951E812080A85DB7311 /* [CP] Check Pods Manifest.lock */ = {
			isa = PBXShellScriptBuildPhase;
			buildActionMask = 2147483647;
			files = (
			);
			inputPaths = (
			);
			name = "[CP] Check Pods Manifest.lock";
			outputPaths = (
			);
			runOnlyForDeploymentPostprocessing = 0;
			shellPath = /bin/sh;
			shellScript = "diff \"${PODS_ROOT}/../Podfile.lock\" \"${PODS_ROOT}/Manifest.lock\" > /dev/null\nif [[ $? != 0 ]] ; then\n    cat << EOM\nerror: The sandbox is not in sync with the Podfile.lock. Run 'pod install' or update your CocoaPods installation.\nEOM\n    exit 1\nfi\n";
			showEnvVarsInLog = 0;
		};
		1BFA016D3B7DCCB17BF4377B /* [CP] Embed Pods Frameworks */ = {
			isa = PBXShellScriptBuildPhase;
			buildActionMask = 2147483647;
			files = (
			);
			inputPaths = (
			);
			name = "[CP] Embed Pods Frameworks";
			outputPaths = (
			);
			runOnlyForDeploymentPostprocessing = 0;
			shellPath = /bin/sh;
			shellScript = "\"${SRCROOT}/Pods/Target Support Files/Pods-SketchyCodeTests/Pods-SketchyCodeTests-frameworks.sh\"\n";
			showEnvVarsInLog = 0;
		};
		2355747DAD50F77FB28D5D3E /* [CP] Embed Pods Frameworks */ = {
			isa = PBXShellScriptBuildPhase;
			buildActionMask = 2147483647;
			files = (
			);
			inputPaths = (
			);
			name = "[CP] Embed Pods Frameworks";
			outputPaths = (
			);
			runOnlyForDeploymentPostprocessing = 0;
			shellPath = /bin/sh;
			shellScript = "\"${SRCROOT}/Pods/Target Support Files/Pods-SketchyCodeCLI/Pods-SketchyCodeCLI-frameworks.sh\"\n";
			showEnvVarsInLog = 0;
		};
		804D0238434A6D542132B2D0 /* [CP] Check Pods Manifest.lock */ = {
			isa = PBXShellScriptBuildPhase;
			buildActionMask = 2147483647;
			files = (
			);
			inputPaths = (
			);
			name = "[CP] Check Pods Manifest.lock";
			outputPaths = (
			);
			runOnlyForDeploymentPostprocessing = 0;
			shellPath = /bin/sh;
			shellScript = "diff \"${PODS_ROOT}/../Podfile.lock\" \"${PODS_ROOT}/Manifest.lock\" > /dev/null\nif [[ $? != 0 ]] ; then\n    cat << EOM\nerror: The sandbox is not in sync with the Podfile.lock. Run 'pod install' or update your CocoaPods installation.\nEOM\n    exit 1\nfi\n";
			showEnvVarsInLog = 0;
		};
		B22A38A77AD8EEBC1D9C2F04 /* [CP] Check Pods Manifest.lock */ = {
			isa = PBXShellScriptBuildPhase;
			buildActionMask = 2147483647;
			files = (
			);
			inputPaths = (
			);
			name = "[CP] Check Pods Manifest.lock";
			outputPaths = (
			);
			runOnlyForDeploymentPostprocessing = 0;
			shellPath = /bin/sh;
			shellScript = "diff \"${PODS_ROOT}/../Podfile.lock\" \"${PODS_ROOT}/Manifest.lock\" > /dev/null\nif [[ $? != 0 ]] ; then\n    cat << EOM\nerror: The sandbox is not in sync with the Podfile.lock. Run 'pod install' or update your CocoaPods installation.\nEOM\n    exit 1\nfi\n";
			showEnvVarsInLog = 0;
		};
		C0EE2091DA27BB527C25C24E /* [CP] Copy Pods Resources */ = {
			isa = PBXShellScriptBuildPhase;
			buildActionMask = 2147483647;
			files = (
			);
			inputPaths = (
			);
			name = "[CP] Copy Pods Resources";
			outputPaths = (
			);
			runOnlyForDeploymentPostprocessing = 0;
			shellPath = /bin/sh;
			shellScript = "\"${SRCROOT}/Pods/Target Support Files/Pods-SketchyCodeTests/Pods-SketchyCodeTests-resources.sh\"\n";
			showEnvVarsInLog = 0;
		};
		C46391A47072C7BB470BE5A6 /* [CP] Copy Pods Resources */ = {
			isa = PBXShellScriptBuildPhase;
			buildActionMask = 2147483647;
			files = (
			);
			inputPaths = (
			);
			name = "[CP] Copy Pods Resources";
			outputPaths = (
			);
			runOnlyForDeploymentPostprocessing = 0;
			shellPath = /bin/sh;
			shellScript = "\"${SRCROOT}/Pods/Target Support Files/Pods-SketchyCode/Pods-SketchyCode-resources.sh\"\n";
			showEnvVarsInLog = 0;
		};
		F43EE122ED059BD803B58CF0 /* [CP] Copy Pods Resources */ = {
			isa = PBXShellScriptBuildPhase;
			buildActionMask = 2147483647;
			files = (
			);
			inputPaths = (
			);
			name = "[CP] Copy Pods Resources";
			outputPaths = (
			);
			runOnlyForDeploymentPostprocessing = 0;
			shellPath = /bin/sh;
			shellScript = "\"${SRCROOT}/Pods/Target Support Files/Pods-SketchyCodeCLI/Pods-SketchyCodeCLI-resources.sh\"\n";
			showEnvVarsInLog = 0;
		};
/* End PBXShellScriptBuildPhase section */

/* Begin PBXSourcesBuildPhase section */
		862EBE881F71DFAE0086E52C /* Sources */ = {
			isa = PBXSourcesBuildPhase;
			buildActionMask = 2147483647;
			files = (
				867F448F1F8C5BBB00B793E3 /* VariableDeclaration.swift in Sources */,
				867F448D1F8C5B8200B793E3 /* ClassDeclaration.swift in Sources */,
				86D9E8C31F848C06008A6D70 /* Scope.swift in Sources */,
				862EBEF01F72AFBF0086E52C /* PathContainer.swift in Sources */,
				8629C3251F73363D000877D2 /* Debug.swift in Sources */,
				862EBEEB1F72AF090086E52C /* SketchClasses+Helpers.swift in Sources */,
				8646263C1F8EE5CF00F8047B /* GeneratorContext.swift in Sources */,
				86D9E8C51F848C38008A6D70 /* Generators.swift in Sources */,
				8689092D1F8FCCFC008884E5 /* TransformDocument.swift in Sources */,
				8631B3F11F87B6B10029BF90 /* Utils.swift in Sources */,
				864626361F8ED87800F8047B /* AssignmentExpression.swift in Sources */,
				864626381F8ED89600F8047B /* BasicExpression.swift in Sources */,
				86425AAB1F9116FD00D48C53 /* GenerationHint.swift in Sources */,
				86D9E8BF1F848BC1008A6D70 /* TypeRef.swift in Sources */,
				86425AA91F91092200D48C53 /* Helpers.swift in Sources */,
				862EBEEC1F72AF090086E52C /* SketchClasses+Generated.swift in Sources */,
				86D827B31F8F00D9009042E7 /* Containers.swift in Sources */,
				86D9E8C11F848BD8008A6D70 /* Writer.swift in Sources */,
				8629C3291F7339ED000877D2 /* Styled.swift in Sources */,
				8629C3271F73370D000877D2 /* Enableable.swift in Sources */,
				862EBEEE1F72AF410086E52C /* LayerContainer.swift in Sources */,
				861890751F944C07007BBBA6 /* FunctionDeclaration.swift in Sources */,
				8646263A1F8EE4B700F8047B /* Errors.swift in Sources */,
				8631B3EF1F8713C40029BF90 /* NamingStrategy.swift in Sources */,
				864626341F8ED7E700F8047B /* VariableRef.swift in Sources */,
				86066DA81F85B16E00130A65 /* VariableMutation.swift in Sources */,
				8689092F1F8FE112008884E5 /* Builder.swift in Sources */,
			);
			runOnlyForDeploymentPostprocessing = 0;
		};
		862EBE911F71DFAE0086E52C /* Sources */ = {
			isa = PBXSourcesBuildPhase;
			buildActionMask = 2147483647;
			files = (
				862EBEDB1F71E2A00086E52C /* InputSketchHelper.swift in Sources */,
				862EBEE61F7216F80086E52C /* Helpers.swift in Sources */,
				862EBE9D1F71DFAE0086E52C /* SketchyCodeTests.swift in Sources */,
				86D9E8BC1F843C0D008A6D70 /* GenerationTests.swift in Sources */,
				86425AA51F8FF81800D48C53 /* TransformationTests.swift in Sources */,
				86425AAD1F911B9100D48C53 /* UtilsTests.swift in Sources */,
			);
			runOnlyForDeploymentPostprocessing = 0;
		};
		863E3E7B1ECFB1A7008AF9E5 /* Sources */ = {
			isa = PBXSourcesBuildPhase;
			buildActionMask = 2147483647;
			files = (
				862EBED21F71E1410086E52C /* SketchyCodeCLI.swift in Sources */,
				862EBED81F71E1410086E52C /* String.swift in Sources */,
				862EBED71F71E1410086E52C /* Log.swift in Sources */,
				862EBED11F71E1410086E52C /* main.swift in Sources */,
				862EBED61F71E1410086E52C /* Command.swift in Sources */,
				862EBED41F71E1410086E52C /* SketchTypeBuilder.swift in Sources */,
			);
			runOnlyForDeploymentPostprocessing = 0;
		};
		D434325A1F9FCE4C008A0B20 /* Sources */ = {
			isa = PBXSourcesBuildPhase;
			buildActionMask = 2147483647;
			files = (
				D43432761F9FD7F4008A0B20 /* NSView+SKPExtensions.m in Sources */,
				D43432721F9FD264008A0B20 /* SketchInterface.m in Sources */,
			);
			runOnlyForDeploymentPostprocessing = 0;
		};
/* End PBXSourcesBuildPhase section */

/* Begin PBXTargetDependency section */
		862EBE981F71DFAE0086E52C /* PBXTargetDependency */ = {
			isa = PBXTargetDependency;
			target = 862EBE8C1F71DFAE0086E52C /* SketchyCode */;
			targetProxy = 862EBE971F71DFAE0086E52C /* PBXContainerItemProxy */;
		};
		862EBEA11F71DFAE0086E52C /* PBXTargetDependency */ = {
			isa = PBXTargetDependency;
			target = 862EBE8C1F71DFAE0086E52C /* SketchyCode */;
			targetProxy = 862EBEA01F71DFAE0086E52C /* PBXContainerItemProxy */;
		};
/* End PBXTargetDependency section */

/* Begin XCBuildConfiguration section */
		862EBEA51F71DFAE0086E52C /* Debug */ = {
			isa = XCBuildConfiguration;
			baseConfigurationReference = A1B612193179ACEFAAA5C48D /* Pods-SketchyCode.debug.xcconfig */;
			buildSettings = {
				COMBINE_HIDPI_IMAGES = YES;
				CURRENT_PROJECT_VERSION = 1;
				DEFINES_MODULE = YES;
				DYLIB_COMPATIBILITY_VERSION = 1;
				DYLIB_CURRENT_VERSION = 1;
				DYLIB_INSTALL_NAME_BASE = "@rpath";
				FRAMEWORK_VERSION = A;
				INFOPLIST_FILE = SketchyCode/Info.plist;
				INSTALL_PATH = "$(LOCAL_LIBRARY_DIR)/Frameworks";
				LD_RUNPATH_SEARCH_PATHS = "$(inherited) @executable_path/../Frameworks @loader_path/Frameworks";
				PRODUCT_BUNDLE_IDENTIFIER = com.bk.SketchyCode;
				PRODUCT_NAME = "$(TARGET_NAME)";
				SKIP_INSTALL = YES;
				SWIFT_VERSION = 3.0;
				VERSIONING_SYSTEM = "apple-generic";
				VERSION_INFO_PREFIX = "";
			};
			name = Debug;
		};
		862EBEA61F71DFAE0086E52C /* Release */ = {
			isa = XCBuildConfiguration;
			baseConfigurationReference = D51799568B333AB48B63723E /* Pods-SketchyCode.release.xcconfig */;
			buildSettings = {
				COMBINE_HIDPI_IMAGES = YES;
				CURRENT_PROJECT_VERSION = 1;
				DEFINES_MODULE = YES;
				DYLIB_COMPATIBILITY_VERSION = 1;
				DYLIB_CURRENT_VERSION = 1;
				DYLIB_INSTALL_NAME_BASE = "@rpath";
				FRAMEWORK_VERSION = A;
				INFOPLIST_FILE = SketchyCode/Info.plist;
				INSTALL_PATH = "$(LOCAL_LIBRARY_DIR)/Frameworks";
				LD_RUNPATH_SEARCH_PATHS = "$(inherited) @executable_path/../Frameworks @loader_path/Frameworks";
				PRODUCT_BUNDLE_IDENTIFIER = com.bk.SketchyCode;
				PRODUCT_NAME = "$(TARGET_NAME)";
				SKIP_INSTALL = YES;
				SWIFT_VERSION = 3.0;
				VERSIONING_SYSTEM = "apple-generic";
				VERSION_INFO_PREFIX = "";
			};
			name = Release;
		};
		862EBEA91F71DFAE0086E52C /* Debug */ = {
			isa = XCBuildConfiguration;
			baseConfigurationReference = 0A239D3D3CA65E56B61D3F1E /* Pods-SketchyCodeTests.debug.xcconfig */;
			buildSettings = {
				ALWAYS_EMBED_SWIFT_STANDARD_LIBRARIES = YES;
				COMBINE_HIDPI_IMAGES = YES;
				DEVELOPMENT_TEAM = PVB49FM6EC;
				INFOPLIST_FILE = SketchyCodeTests/Info.plist;
				LD_RUNPATH_SEARCH_PATHS = "$(inherited) @executable_path/../Frameworks @loader_path/../Frameworks";
				PRODUCT_BUNDLE_IDENTIFIER = com.bk.SketchyCodeTests;
				PRODUCT_NAME = "$(TARGET_NAME)";
				SWIFT_VERSION = 3.0;
			};
			name = Debug;
		};
		862EBEAA1F71DFAE0086E52C /* Release */ = {
			isa = XCBuildConfiguration;
			baseConfigurationReference = 3E276813DE39E7961ACE74ED /* Pods-SketchyCodeTests.release.xcconfig */;
			buildSettings = {
				ALWAYS_EMBED_SWIFT_STANDARD_LIBRARIES = YES;
				COMBINE_HIDPI_IMAGES = YES;
				DEVELOPMENT_TEAM = PVB49FM6EC;
				INFOPLIST_FILE = SketchyCodeTests/Info.plist;
				LD_RUNPATH_SEARCH_PATHS = "$(inherited) @executable_path/../Frameworks @loader_path/../Frameworks";
				PRODUCT_BUNDLE_IDENTIFIER = com.bk.SketchyCodeTests;
				PRODUCT_NAME = "$(TARGET_NAME)";
				SWIFT_VERSION = 3.0;
			};
			name = Release;
		};
		863E3E971ECFB1A7008AF9E5 /* Debug */ = {
			isa = XCBuildConfiguration;
			buildSettings = {
				ALWAYS_SEARCH_USER_PATHS = NO;
				CLANG_ANALYZER_NONNULL = YES;
				CLANG_ANALYZER_NUMBER_OBJECT_CONVERSION = YES_AGGRESSIVE;
				CLANG_CXX_LANGUAGE_STANDARD = "gnu++0x";
				CLANG_CXX_LIBRARY = "libc++";
				CLANG_ENABLE_MODULES = YES;
				CLANG_ENABLE_OBJC_ARC = YES;
				CLANG_WARN_BOOL_CONVERSION = YES;
				CLANG_WARN_CONSTANT_CONVERSION = YES;
				CLANG_WARN_DIRECT_OBJC_ISA_USAGE = YES_ERROR;
				CLANG_WARN_DOCUMENTATION_COMMENTS = YES;
				CLANG_WARN_EMPTY_BODY = YES;
				CLANG_WARN_ENUM_CONVERSION = YES;
				CLANG_WARN_INFINITE_RECURSION = YES;
				CLANG_WARN_INT_CONVERSION = YES;
				CLANG_WARN_OBJC_ROOT_CLASS = YES_ERROR;
				CLANG_WARN_SUSPICIOUS_MOVE = YES;
				CLANG_WARN_UNREACHABLE_CODE = YES;
				CLANG_WARN__DUPLICATE_METHOD_MATCH = YES;
				COPY_PHASE_STRIP = NO;
				DEBUG_INFORMATION_FORMAT = dwarf;
				ENABLE_STRICT_OBJC_MSGSEND = YES;
				ENABLE_TESTABILITY = YES;
				GCC_C_LANGUAGE_STANDARD = gnu99;
				GCC_DYNAMIC_NO_PIC = NO;
				GCC_NO_COMMON_BLOCKS = YES;
				GCC_OPTIMIZATION_LEVEL = 0;
				GCC_PREPROCESSOR_DEFINITIONS = (
					"DEBUG=1",
					"$(inherited)",
				);
				GCC_WARN_64_TO_32_BIT_CONVERSION = YES;
				GCC_WARN_ABOUT_RETURN_TYPE = YES_ERROR;
				GCC_WARN_UNDECLARED_SELECTOR = YES;
				GCC_WARN_UNINITIALIZED_AUTOS = YES_AGGRESSIVE;
				GCC_WARN_UNUSED_FUNCTION = YES;
				GCC_WARN_UNUSED_VARIABLE = YES;
				MACOSX_DEPLOYMENT_TARGET = 10.12;
				MTL_ENABLE_DEBUG_INFO = YES;
				ONLY_ACTIVE_ARCH = YES;
				SDKROOT = macosx;
				SWIFT_ACTIVE_COMPILATION_CONDITIONS = DEBUG;
				SWIFT_OPTIMIZATION_LEVEL = "-Onone";
			};
			name = Debug;
		};
		863E3E981ECFB1A7008AF9E5 /* Release */ = {
			isa = XCBuildConfiguration;
			buildSettings = {
				ALWAYS_SEARCH_USER_PATHS = NO;
				CLANG_ANALYZER_NONNULL = YES;
				CLANG_ANALYZER_NUMBER_OBJECT_CONVERSION = YES_AGGRESSIVE;
				CLANG_CXX_LANGUAGE_STANDARD = "gnu++0x";
				CLANG_CXX_LIBRARY = "libc++";
				CLANG_ENABLE_MODULES = YES;
				CLANG_ENABLE_OBJC_ARC = YES;
				CLANG_WARN_BOOL_CONVERSION = YES;
				CLANG_WARN_CONSTANT_CONVERSION = YES;
				CLANG_WARN_DIRECT_OBJC_ISA_USAGE = YES_ERROR;
				CLANG_WARN_DOCUMENTATION_COMMENTS = YES;
				CLANG_WARN_EMPTY_BODY = YES;
				CLANG_WARN_ENUM_CONVERSION = YES;
				CLANG_WARN_INFINITE_RECURSION = YES;
				CLANG_WARN_INT_CONVERSION = YES;
				CLANG_WARN_OBJC_ROOT_CLASS = YES_ERROR;
				CLANG_WARN_SUSPICIOUS_MOVE = YES;
				CLANG_WARN_UNREACHABLE_CODE = YES;
				CLANG_WARN__DUPLICATE_METHOD_MATCH = YES;
				COPY_PHASE_STRIP = NO;
				DEBUG_INFORMATION_FORMAT = "dwarf-with-dsym";
				ENABLE_NS_ASSERTIONS = NO;
				ENABLE_STRICT_OBJC_MSGSEND = YES;
				GCC_C_LANGUAGE_STANDARD = gnu99;
				GCC_NO_COMMON_BLOCKS = YES;
				GCC_WARN_64_TO_32_BIT_CONVERSION = YES;
				GCC_WARN_ABOUT_RETURN_TYPE = YES_ERROR;
				GCC_WARN_UNDECLARED_SELECTOR = YES;
				GCC_WARN_UNINITIALIZED_AUTOS = YES_AGGRESSIVE;
				GCC_WARN_UNUSED_FUNCTION = YES;
				GCC_WARN_UNUSED_VARIABLE = YES;
				MACOSX_DEPLOYMENT_TARGET = 10.12;
				MTL_ENABLE_DEBUG_INFO = NO;
				SDKROOT = macosx;
				SWIFT_OPTIMIZATION_LEVEL = "-Owholemodule";
			};
			name = Release;
		};
		863E3E9A1ECFB1A7008AF9E5 /* Debug */ = {
			isa = XCBuildConfiguration;
			baseConfigurationReference = 6C44A7CBA3D8FCF53ABA6740 /* Pods-SketchyCodeCLI.debug.xcconfig */;
			buildSettings = {
				ALWAYS_EMBED_SWIFT_STANDARD_LIBRARIES = YES;
				ASSETCATALOG_COMPILER_APPICON_NAME = AppIcon;
				COMBINE_HIDPI_IMAGES = YES;
				INFOPLIST_FILE = SketchyCode/CLI/Info.plist;
				LD_RUNPATH_SEARCH_PATHS = "$(inherited) @executable_path/../Frameworks";
				PRODUCT_BUNDLE_IDENTIFIER = com.raizlabs.SketchGen;
				PRODUCT_NAME = "$(TARGET_NAME)";
				SWIFT_VERSION = 3.0;
			};
			name = Debug;
		};
		863E3E9B1ECFB1A7008AF9E5 /* Release */ = {
			isa = XCBuildConfiguration;
			baseConfigurationReference = 8A48A8E9CF31C448E0960876 /* Pods-SketchyCodeCLI.release.xcconfig */;
			buildSettings = {
				ALWAYS_EMBED_SWIFT_STANDARD_LIBRARIES = YES;
				ASSETCATALOG_COMPILER_APPICON_NAME = AppIcon;
				COMBINE_HIDPI_IMAGES = YES;
				INFOPLIST_FILE = SketchyCode/CLI/Info.plist;
				LD_RUNPATH_SEARCH_PATHS = "$(inherited) @executable_path/../Frameworks";
				PRODUCT_BUNDLE_IDENTIFIER = com.raizlabs.SketchGen;
				PRODUCT_NAME = "$(TARGET_NAME)";
				SWIFT_VERSION = 3.0;
			};
			name = Release;
		};
		D43432641F9FCE4C008A0B20 /* Debug */ = {
			isa = XCBuildConfiguration;
			buildSettings = {
				CLANG_CXX_LANGUAGE_STANDARD = "gnu++14";
				CLANG_WARN_BLOCK_CAPTURE_AUTORELEASING = YES;
				CLANG_WARN_COMMA = YES;
				CLANG_WARN_NON_LITERAL_NULL_CONVERSION = YES;
				CLANG_WARN_OBJC_LITERAL_CONVERSION = YES;
				CLANG_WARN_RANGE_LOOP_ANALYSIS = YES;
				CLANG_WARN_STRICT_PROTOTYPES = YES;
				CLANG_WARN_UNGUARDED_AVAILABILITY = YES_AGGRESSIVE;
				CODE_SIGN_IDENTITY = "Mac Developer";
				CODE_SIGN_STYLE = Manual;
				COMBINE_HIDPI_IMAGES = YES;
				CURRENT_PROJECT_VERSION = 1;
				DEFINES_MODULE = YES;
				DEVELOPMENT_TEAM = "";
				DYLIB_COMPATIBILITY_VERSION = 1;
				DYLIB_CURRENT_VERSION = 1;
				DYLIB_INSTALL_NAME_BASE = "@rpath";
				FRAMEWORK_VERSION = A;
				GCC_C_LANGUAGE_STANDARD = gnu11;
				INFOPLIST_FILE = SketchyPlugin/Info.plist;
				INSTALL_PATH = "$(LOCAL_LIBRARY_DIR)/Frameworks";
				LD_RUNPATH_SEARCH_PATHS = "$(inherited) @executable_path/../Frameworks @loader_path/Frameworks";
				PRODUCT_BUNDLE_IDENTIFIER = com.raizlabs.SketchyPlugin;
				PRODUCT_NAME = "$(TARGET_NAME:c99extidentifier)";
				PROVISIONING_PROFILE_SPECIFIER = "";
				SKIP_INSTALL = YES;
				VERSIONING_SYSTEM = "apple-generic";
				VERSION_INFO_PREFIX = "";
			};
			name = Debug;
		};
		D43432651F9FCE4C008A0B20 /* Release */ = {
			isa = XCBuildConfiguration;
			buildSettings = {
				CLANG_CXX_LANGUAGE_STANDARD = "gnu++14";
				CLANG_WARN_BLOCK_CAPTURE_AUTORELEASING = YES;
				CLANG_WARN_COMMA = YES;
				CLANG_WARN_NON_LITERAL_NULL_CONVERSION = YES;
				CLANG_WARN_OBJC_LITERAL_CONVERSION = YES;
				CLANG_WARN_RANGE_LOOP_ANALYSIS = YES;
				CLANG_WARN_STRICT_PROTOTYPES = YES;
				CLANG_WARN_UNGUARDED_AVAILABILITY = YES_AGGRESSIVE;
				CODE_SIGN_IDENTITY = "Mac Developer";
				CODE_SIGN_STYLE = Manual;
				COMBINE_HIDPI_IMAGES = YES;
				CURRENT_PROJECT_VERSION = 1;
				DEFINES_MODULE = YES;
				DEVELOPMENT_TEAM = "";
				DYLIB_COMPATIBILITY_VERSION = 1;
				DYLIB_CURRENT_VERSION = 1;
				DYLIB_INSTALL_NAME_BASE = "@rpath";
				FRAMEWORK_VERSION = A;
				GCC_C_LANGUAGE_STANDARD = gnu11;
				INFOPLIST_FILE = SketchyPlugin/Info.plist;
				INSTALL_PATH = "$(LOCAL_LIBRARY_DIR)/Frameworks";
				LD_RUNPATH_SEARCH_PATHS = "$(inherited) @executable_path/../Frameworks @loader_path/Frameworks";
				PRODUCT_BUNDLE_IDENTIFIER = com.raizlabs.SketchyPlugin;
				PRODUCT_NAME = "$(TARGET_NAME:c99extidentifier)";
				PROVISIONING_PROFILE_SPECIFIER = "";
				SKIP_INSTALL = YES;
				VERSIONING_SYSTEM = "apple-generic";
				VERSION_INFO_PREFIX = "";
			};
			name = Release;
		};
/* End XCBuildConfiguration section */

/* Begin XCConfigurationList section */
		862EBEA41F71DFAE0086E52C /* Build configuration list for PBXNativeTarget "SketchyCode" */ = {
			isa = XCConfigurationList;
			buildConfigurations = (
				862EBEA51F71DFAE0086E52C /* Debug */,
				862EBEA61F71DFAE0086E52C /* Release */,
			);
			defaultConfigurationIsVisible = 0;
			defaultConfigurationName = Release;
		};
		862EBEA81F71DFAE0086E52C /* Build configuration list for PBXNativeTarget "SketchyCodeTests" */ = {
			isa = XCConfigurationList;
			buildConfigurations = (
				862EBEA91F71DFAE0086E52C /* Debug */,
				862EBEAA1F71DFAE0086E52C /* Release */,
			);
			defaultConfigurationIsVisible = 0;
			defaultConfigurationName = Release;
		};
		863E3E7A1ECFB1A7008AF9E5 /* Build configuration list for PBXProject "SketchyCode" */ = {
			isa = XCConfigurationList;
			buildConfigurations = (
				863E3E971ECFB1A7008AF9E5 /* Debug */,
				863E3E981ECFB1A7008AF9E5 /* Release */,
			);
			defaultConfigurationIsVisible = 0;
			defaultConfigurationName = Release;
		};
		863E3E991ECFB1A7008AF9E5 /* Build configuration list for PBXNativeTarget "SketchyCodeCLI" */ = {
			isa = XCConfigurationList;
			buildConfigurations = (
				863E3E9A1ECFB1A7008AF9E5 /* Debug */,
				863E3E9B1ECFB1A7008AF9E5 /* Release */,
			);
			defaultConfigurationIsVisible = 0;
			defaultConfigurationName = Release;
		};
		D43432661F9FCE4C008A0B20 /* Build configuration list for PBXNativeTarget "SketchyPlugin" */ = {
			isa = XCConfigurationList;
			buildConfigurations = (
				D43432641F9FCE4C008A0B20 /* Debug */,
				D43432651F9FCE4C008A0B20 /* Release */,
			);
			defaultConfigurationIsVisible = 0;
			defaultConfigurationName = Release;
		};
/* End XCConfigurationList section */
	};
	rootObject = 863E3E771ECFB1A7008AF9E5 /* Project object */;
}
